
Microsoft Visual Studio Solution File, Format Version 12.00
# Visual Studio Version 17
VisualStudioVersion = 17.0.31903.59
MinimumVisualStudioVersion = 10.0.40219.1
Project("{9A19103F-16F7-4668-BE54-9A1E7A4F7556}") = "Asp.Learning", "Asp.Learning\Asp.Learning.csproj", "{78598010-7A27-4DBD-9CB1-27D0F845087C}"
EndProject
Project("{FAE04EC0-301F-11D3-BF4B-00C04F79EFBC}") = "Asp.Learning.Csharp.UnitTests", "Asp.Learning.Csharp.UnitTests\Asp.Learning.Csharp.UnitTests.csproj", "{7792DDA0-60D2-499C-B010-B0F1F876553E}"
EndProject
Project("{9A19103F-16F7-4668-BE54-9A1E7A4F7556}") = "C#.Concepts", "C#.Concepts\C#.Concepts.csproj", "{95CC1337-0F82-4544-85AE-7B4DFA1BB28D}"
EndProject
Global
	GlobalSection(SolutionConfigurationPlatforms) = preSolution
		Debug|Any CPU = Debug|Any CPU
		Release|Any CPU = Release|Any CPU
	EndGlobalSection
	GlobalSection(ProjectConfigurationPlatforms) = postSolution
		{78598010-7A27-4DBD-9CB1-27D0F845087C}.Debug|Any CPU.ActiveCfg = Debug|Any CPU
		{78598010-7A27-4DBD-9CB1-27D0F845087C}.Debug|Any CPU.Build.0 = Debug|Any CPU
		{78598010-7A27-4DBD-9CB1-27D0F845087C}.Release|Any CPU.ActiveCfg = Release|Any CPU
		{78598010-7A27-4DBD-9CB1-27D0F845087C}.Release|Any CPU.Build.0 = Release|Any CPU
		{7792DDA0-60D2-499C-B010-B0F1F876553E}.Debug|Any CPU.ActiveCfg = Debug|Any CPU
		{7792DDA0-60D2-499C-B010-B0F1F876553E}.Debug|Any CPU.Build.0 = Debug|Any CPU
		{7792DDA0-60D2-499C-B010-B0F1F876553E}.Release|Any CPU.ActiveCfg = Release|Any CPU
		{7792DDA0-60D2-499C-B010-B0F1F876553E}.Release|Any CPU.Build.0 = Release|Any CPU
		{95CC1337-0F82-4544-85AE-7B4DFA1BB28D}.Debug|Any CPU.ActiveCfg = Debug|Any CPU
		{95CC1337-0F82-4544-85AE-7B4DFA1BB28D}.Debug|Any CPU.Build.0 = Debug|Any CPU
		{95CC1337-0F82-4544-85AE-7B4DFA1BB28D}.Release|Any CPU.ActiveCfg = Release|Any CPU
		{95CC1337-0F82-4544-85AE-7B4DFA1BB28D}.Release|Any CPU.Build.0 = Release|Any CPU
	EndGlobalSection
	GlobalSection(SolutionProperties) = preSolution
		HideSolutionNode = FALSE
	EndGlobalSection
	GlobalSection(ExtensibilityGlobals) = postSolution
		SolutionGuid = {DB4527BD-5133-4DEE-8B27-16E00B598DBC}
	EndGlobalSection
EndGlobal
