
Microsoft Visual Studio Solution File, Format Version 12.00
# Visual Studio Version 17
VisualStudioVersion = 17.0.31903.59
MinimumVisualStudioVersion = 10.0.40219.1
Project("{2150E333-8FDC-42A3-9474-1A3956D46DE8}") = "src", "src", "{920CB617-1962-4A8B-A761-DB4A5B328198}"
EndProject
Project("{2150E333-8FDC-42A3-9474-1A3956D46DE8}") = "tests", "tests", "{FA40A6F6-3554-4422-90B8-CFCCEFBB5EFF}"
EndProject
Project("{9A19103F-16F7-4668-BE54-9A1E7A4F7556}") = "Asp.Learning", "src\Asp.Learning\Asp.Learning.csproj", "{CD359F87-957B-4A33-AEE4-9F616D28F7F6}"
EndProject
Project("{9A19103F-16F7-4668-BE54-9A1E7A4F7556}") = "Asp.Learning.Services", "src\Asp.Learning.Services\Asp.Learning.Services.csproj", "{6E6A9846-1C17-4BF1-8EDF-4C4F52C10247}"
EndProject
Project("{9A19103F-16F7-4668-BE54-9A1E7A4F7556}") = "Asp.Learning.Csharp.UnitTests", "tests\Asp.Learning.Csharp.UnitTests\Asp.Learning.Csharp.UnitTests.csproj", "{D8CF8641-A64E-4D92-AB63-302C221B844A}"
EndProject
Project("{9A19103F-16F7-4668-BE54-9A1E7A4F7556}") = "C#.Concepts", "tests\C#.Concepts\C#.Concepts.csproj", "{A867E27A-30A2-44E5-B449-42F4A1611E6B}"
EndProject
Global
	GlobalSection(SolutionConfigurationPlatforms) = preSolution
		Debug|Any CPU = Debug|Any CPU
		Release|Any CPU = Release|Any CPU
	EndGlobalSection
	GlobalSection(ProjectConfigurationPlatforms) = postSolution
		{CD359F87-957B-4A33-AEE4-9F616D28F7F6}.Debug|Any CPU.ActiveCfg = Debug|Any CPU
		{CD359F87-957B-4A33-AEE4-9F616D28F7F6}.Debug|Any CPU.Build.0 = Debug|Any CPU
		{CD359F87-957B-4A33-AEE4-9F616D28F7F6}.Release|Any CPU.ActiveCfg = Release|Any CPU
		{CD359F87-957B-4A33-AEE4-9F616D28F7F6}.Release|Any CPU.Build.0 = Release|Any CPU
		{6E6A9846-1C17-4BF1-8EDF-4C4F52C10247}.Debug|Any CPU.ActiveCfg = Debug|Any CPU
		{6E6A9846-1C17-4BF1-8EDF-4C4F52C10247}.Debug|Any CPU.Build.0 = Debug|Any CPU
		{6E6A9846-1C17-4BF1-8EDF-4C4F52C10247}.Release|Any CPU.ActiveCfg = Release|Any CPU
		{6E6A9846-1C17-4BF1-8EDF-4C4F52C10247}.Release|Any CPU.Build.0 = Release|Any CPU
		{D8CF8641-A64E-4D92-AB63-302C221B844A}.Debug|Any CPU.ActiveCfg = Debug|Any CPU
		{D8CF8641-A64E-4D92-AB63-302C221B844A}.Debug|Any CPU.Build.0 = Debug|Any CPU
		{D8CF8641-A64E-4D92-AB63-302C221B844A}.Release|Any CPU.ActiveCfg = Release|Any CPU
		{D8CF8641-A64E-4D92-AB63-302C221B844A}.Release|Any CPU.Build.0 = Release|Any CPU
		{A867E27A-30A2-44E5-B449-42F4A1611E6B}.Debug|Any CPU.ActiveCfg = Debug|Any CPU
		{A867E27A-30A2-44E5-B449-42F4A1611E6B}.Debug|Any CPU.Build.0 = Debug|Any CPU
		{A867E27A-30A2-44E5-B449-42F4A1611E6B}.Release|Any CPU.ActiveCfg = Release|Any CPU
		{A867E27A-30A2-44E5-B449-42F4A1611E6B}.Release|Any CPU.Build.0 = Release|Any CPU
	EndGlobalSection
	GlobalSection(SolutionProperties) = preSolution
		HideSolutionNode = FALSE
	EndGlobalSection
	GlobalSection(NestedProjects) = preSolution
		{CD359F87-957B-4A33-AEE4-9F616D28F7F6} = {920CB617-1962-4A8B-A761-DB4A5B328198}
		{6E6A9846-1C17-4BF1-8EDF-4C4F52C10247} = {920CB617-1962-4A8B-A761-DB4A5B328198}
		{D8CF8641-A64E-4D92-AB63-302C221B844A} = {FA40A6F6-3554-4422-90B8-CFCCEFBB5EFF}
		{A867E27A-30A2-44E5-B449-42F4A1611E6B} = {FA40A6F6-3554-4422-90B8-CFCCEFBB5EFF}
	EndGlobalSection
	GlobalSection(ExtensibilityGlobals) = postSolution
		SolutionGuid = {DB4527BD-5133-4DEE-8B27-16E00B598DBC}
	EndGlobalSection
EndGlobal
